
Microsoft Visual Studio Solution File, Format Version 12.00
# Visual Studio Version 16
VisualStudioVersion = 16.0.31205.134
MinimumVisualStudioVersion = 10.0.40219.1
Project("{FAE04EC0-301F-11D3-BF4B-00C04F79EFBC}") = "DogBreeders", "DogBreeders\DogBreeders.csproj", "{05EDDCFA-9C93-438E-B135-B01716CBA8DD}"
EndProject
Global
	GlobalSection(SolutionConfigurationPlatforms) = preSolution
		Debug|Any CPU = Debug|Any CPU
		Release|Any CPU = Release|Any CPU
	EndGlobalSection
	GlobalSection(ProjectConfigurationPlatforms) = postSolution
		{05EDDCFA-9C93-438E-B135-B01716CBA8DD}.Debug|Any CPU.ActiveCfg = Debug|Any CPU
		{05EDDCFA-9C93-438E-B135-B01716CBA8DD}.Debug|Any CPU.Build.0 = Debug|Any CPU
		{05EDDCFA-9C93-438E-B135-B01716CBA8DD}.Release|Any CPU.ActiveCfg = Release|Any CPU
		{05EDDCFA-9C93-438E-B135-B01716CBA8DD}.Release|Any CPU.Build.0 = Release|Any CPU
	EndGlobalSection
	GlobalSection(SolutionProperties) = preSolution
		HideSolutionNode = FALSE
	EndGlobalSection
	GlobalSection(ExtensibilityGlobals) = postSolution
		SolutionGuid = {F7E6A7FC-AB5E-4C3A-AAE6-2B6FDD04EAB9}
	EndGlobalSection
EndGlobal
